
Microsoft Visual Studio Solution File, Format Version 12.00
# Visual Studio Version 17
VisualStudioVersion = 17.7.34031.279
MinimumVisualStudioVersion = 10.0.40219.1
Project("{FAE04EC0-301F-11D3-BF4B-00C04F79EFBC}") = "HW_02", "HW_02\HW_02.csproj", "{CFCB1388-2515-468F-84A9-D33250CA6868}"
EndProject
Global
	GlobalSection(SolutionConfigurationPlatforms) = preSolution
		Debug|Any CPU = Debug|Any CPU
		Release|Any CPU = Release|Any CPU
	EndGlobalSection
	GlobalSection(ProjectConfigurationPlatforms) = postSolution
		{CFCB1388-2515-468F-84A9-D33250CA6868}.Debug|Any CPU.ActiveCfg = Debug|Any CPU
		{CFCB1388-2515-468F-84A9-D33250CA6868}.Debug|Any CPU.Build.0 = Debug|Any CPU
		{CFCB1388-2515-468F-84A9-D33250CA6868}.Release|Any CPU.ActiveCfg = Release|Any CPU
		{CFCB1388-2515-468F-84A9-D33250CA6868}.Release|Any CPU.Build.0 = Release|Any CPU
	EndGlobalSection
	GlobalSection(SolutionProperties) = preSolution
		HideSolutionNode = FALSE
	EndGlobalSection
	GlobalSection(ExtensibilityGlobals) = postSolution
		SolutionGuid = {BC8CE747-86AD-4822-8DD2-133B82E0D50D}
	EndGlobalSection
EndGlobal
